// !$*UTF8*$!
{
	archiveVersion = 1;
	classes = {
	};
	objectVersion = 46;
	objects = {

/* Begin PBXBuildFile section */
		056734A11B61D7CD0046D093 /* ShareViewController.m in Sources */ = {isa = PBXBuildFile; fileRef = 056734A01B61D7CD0046D093 /* ShareViewController.m */; };
		056734A31B61D7CD0046D093 /* MainInterface.storyboard in Resources */ = {isa = PBXBuildFile; fileRef = 056734A21B61D7CD0046D093 /* MainInterface.storyboard */; };
		056734A61B61D7CD0046D093 /* MDShare.appex in Embed App Extensions */ = {isa = PBXBuildFile; fileRef = 0567349B1B61D7CD0046D093 /* MDShare.appex */; settings = {ATTRIBUTES = (RemoveHeadersOnCopy, ); }; };
		056734B11B61E4700046D093 /* MDDataManager.m in Sources */ = {isa = PBXBuildFile; fileRef = 056734B01B61E4700046D093 /* MDDataManager.m */; };
		056734B21B61E4700046D093 /* MDDataManager.m in Sources */ = {isa = PBXBuildFile; fileRef = 056734B01B61E4700046D093 /* MDDataManager.m */; };
		056734B41B61EE110046D093 /* md.xcdatamodeld in Sources */ = {isa = PBXBuildFile; fileRef = 05EEC11B1B55F5EA00035243 /* md.xcdatamodeld */; };
		059BACA81B74F97E006B0166 /* CloudKit.framework in Frameworks */ = {isa = PBXBuildFile; fileRef = 059BACA71B74F97E006B0166 /* CloudKit.framework */; };
		05EEC1171B55F5EA00035243 /* main.m in Sources */ = {isa = PBXBuildFile; fileRef = 05EEC1161B55F5EA00035243 /* main.m */; };
		05EEC11A1B55F5EA00035243 /* AppDelegate.m in Sources */ = {isa = PBXBuildFile; fileRef = 05EEC1191B55F5EA00035243 /* AppDelegate.m */; };
		05EEC11D1B55F5EA00035243 /* md.xcdatamodeld in Sources */ = {isa = PBXBuildFile; fileRef = 05EEC11B1B55F5EA00035243 /* md.xcdatamodeld */; };
		05EEC1231B55F5EA00035243 /* Main.storyboard in Resources */ = {isa = PBXBuildFile; fileRef = 05EEC1211B55F5EA00035243 /* Main.storyboard */; };
		05EEC1251B55F5EA00035243 /* Images.xcassets in Resources */ = {isa = PBXBuildFile; fileRef = 05EEC1241B55F5EA00035243 /* Images.xcassets */; };
		05EEC1281B55F5EA00035243 /* LaunchScreen.xib in Resources */ = {isa = PBXBuildFile; fileRef = 05EEC1261B55F5EA00035243 /* LaunchScreen.xib */; };
		05EEC1341B55F5EA00035243 /* mdTests.m in Sources */ = {isa = PBXBuildFile; fileRef = 05EEC1331B55F5EA00035243 /* mdTests.m */; };
		05EEC13F1B55F6F300035243 /* MDNotesCollectionView.m in Sources */ = {isa = PBXBuildFile; fileRef = 05EEC13E1B55F6F300035243 /* MDNotesCollectionView.m */; };
		05EEC1451B5619E600035243 /* MDNoteCollectionViewCell.m in Sources */ = {isa = PBXBuildFile; fileRef = 05EEC1441B5619E600035243 /* MDNoteCollectionViewCell.m */; };
		05EEC1831B57194600035243 /* MDSingleNoteViewController.m in Sources */ = {isa = PBXBuildFile; fileRef = 05EEC1821B57194600035243 /* MDSingleNoteViewController.m */; };
/* End PBXBuildFile section */

/* Begin PBXContainerItemProxy section */
		056734A41B61D7CD0046D093 /* PBXContainerItemProxy */ = {
			isa = PBXContainerItemProxy;
			containerPortal = 05EEC1091B55F5EA00035243 /* Project object */;
			proxyType = 1;
			remoteGlobalIDString = 0567349A1B61D7CD0046D093;
			remoteInfo = MDShare;
		};
		05EEC12E1B55F5EA00035243 /* PBXContainerItemProxy */ = {
			isa = PBXContainerItemProxy;
			containerPortal = 05EEC1091B55F5EA00035243 /* Project object */;
			proxyType = 1;
			remoteGlobalIDString = 05EEC1101B55F5EA00035243;
			remoteInfo = md;
		};
/* End PBXContainerItemProxy section */

/* Begin PBXCopyFilesBuildPhase section */
		056734AA1B61D7CD0046D093 /* Embed App Extensions */ = {
			isa = PBXCopyFilesBuildPhase;
			buildActionMask = 2147483647;
			dstPath = "";
			dstSubfolderSpec = 13;
			files = (
				056734A61B61D7CD0046D093 /* MDShare.appex in Embed App Extensions */,
			);
			name = "Embed App Extensions";
			runOnlyForDeploymentPostprocessing = 0;
		};
/* End PBXCopyFilesBuildPhase section */

/* Begin PBXFileReference section */
		0567349B1B61D7CD0046D093 /* MDShare.appex */ = {isa = PBXFileReference; explicitFileType = "wrapper.app-extension"; includeInIndex = 0; path = MDShare.appex; sourceTree = BUILT_PRODUCTS_DIR; };
		0567349E1B61D7CD0046D093 /* Info.plist */ = {isa = PBXFileReference; lastKnownFileType = text.plist.xml; path = Info.plist; sourceTree = "<group>"; };
		0567349F1B61D7CD0046D093 /* ShareViewController.h */ = {isa = PBXFileReference; lastKnownFileType = sourcecode.c.h; path = ShareViewController.h; sourceTree = "<group>"; };
		056734A01B61D7CD0046D093 /* ShareViewController.m */ = {isa = PBXFileReference; lastKnownFileType = sourcecode.c.objc; path = ShareViewController.m; sourceTree = "<group>"; };
		056734A21B61D7CD0046D093 /* MainInterface.storyboard */ = {isa = PBXFileReference; lastKnownFileType = file.storyboard; path = MainInterface.storyboard; sourceTree = "<group>"; };
		056734AB1B61E2AA0046D093 /* md.entitlements */ = {isa = PBXFileReference; lastKnownFileType = text.xml; path = md.entitlements; sourceTree = "<group>"; };
		056734AF1B61E4700046D093 /* MDDataManager.h */ = {isa = PBXFileReference; fileEncoding = 4; lastKnownFileType = sourcecode.c.h; path = MDDataManager.h; sourceTree = "<group>"; };
		056734B01B61E4700046D093 /* MDDataManager.m */ = {isa = PBXFileReference; fileEncoding = 4; lastKnownFileType = sourcecode.c.objc; path = MDDataManager.m; sourceTree = "<group>"; };
		056734B51B61EEFD0046D093 /* MDShare.entitlements */ = {isa = PBXFileReference; lastKnownFileType = text.xml; path = MDShare.entitlements; sourceTree = "<group>"; };
		059BACA71B74F97E006B0166 /* CloudKit.framework */ = {isa = PBXFileReference; lastKnownFileType = wrapper.framework; name = CloudKit.framework; path = System/Library/Frameworks/CloudKit.framework; sourceTree = SDKROOT; };
		05EEC1111B55F5EA00035243 /* md.app */ = {isa = PBXFileReference; explicitFileType = wrapper.application; includeInIndex = 0; path = md.app; sourceTree = BUILT_PRODUCTS_DIR; };
		05EEC1151B55F5EA00035243 /* Info.plist */ = {isa = PBXFileReference; lastKnownFileType = text.plist.xml; path = Info.plist; sourceTree = "<group>"; };
		05EEC1161B55F5EA00035243 /* main.m */ = {isa = PBXFileReference; lastKnownFileType = sourcecode.c.objc; path = main.m; sourceTree = "<group>"; };
		05EEC1181B55F5EA00035243 /* AppDelegate.h */ = {isa = PBXFileReference; lastKnownFileType = sourcecode.c.h; path = AppDelegate.h; sourceTree = "<group>"; };
		05EEC1191B55F5EA00035243 /* AppDelegate.m */ = {isa = PBXFileReference; lastKnownFileType = sourcecode.c.objc; path = AppDelegate.m; sourceTree = "<group>"; };
		05EEC11C1B55F5EA00035243 /* md.xcdatamodel */ = {isa = PBXFileReference; lastKnownFileType = wrapper.xcdatamodel; path = md.xcdatamodel; sourceTree = "<group>"; };
		05EEC1221B55F5EA00035243 /* Base */ = {isa = PBXFileReference; lastKnownFileType = file.storyboard; name = Base; path = Base.lproj/Main.storyboard; sourceTree = "<group>"; };
		05EEC1241B55F5EA00035243 /* Images.xcassets */ = {isa = PBXFileReference; lastKnownFileType = folder.assetcatalog; path = Images.xcassets; sourceTree = "<group>"; };
		05EEC1271B55F5EA00035243 /* Base */ = {isa = PBXFileReference; lastKnownFileType = file.xib; name = Base; path = Base.lproj/LaunchScreen.xib; sourceTree = "<group>"; };
		05EEC12D1B55F5EA00035243 /* mdTests.xctest */ = {isa = PBXFileReference; explicitFileType = wrapper.cfbundle; includeInIndex = 0; path = mdTests.xctest; sourceTree = BUILT_PRODUCTS_DIR; };
		05EEC1321B55F5EA00035243 /* Info.plist */ = {isa = PBXFileReference; lastKnownFileType = text.plist.xml; path = Info.plist; sourceTree = "<group>"; };
		05EEC1331B55F5EA00035243 /* mdTests.m */ = {isa = PBXFileReference; lastKnownFileType = sourcecode.c.objc; path = mdTests.m; sourceTree = "<group>"; };
		05EEC13D1B55F6F300035243 /* MDNotesCollectionView.h */ = {isa = PBXFileReference; fileEncoding = 4; lastKnownFileType = sourcecode.c.h; path = MDNotesCollectionView.h; sourceTree = "<group>"; };
		05EEC13E1B55F6F300035243 /* MDNotesCollectionView.m */ = {isa = PBXFileReference; fileEncoding = 4; lastKnownFileType = sourcecode.c.objc; path = MDNotesCollectionView.m; sourceTree = "<group>"; };
		05EEC1431B5619E600035243 /* MDNoteCollectionViewCell.h */ = {isa = PBXFileReference; fileEncoding = 4; lastKnownFileType = sourcecode.c.h; path = MDNoteCollectionViewCell.h; sourceTree = "<group>"; };
		05EEC1441B5619E600035243 /* MDNoteCollectionViewCell.m */ = {isa = PBXFileReference; fileEncoding = 4; lastKnownFileType = sourcecode.c.objc; path = MDNoteCollectionViewCell.m; sourceTree = "<group>"; };
		05EEC1811B57194600035243 /* MDSingleNoteViewController.h */ = {isa = PBXFileReference; fileEncoding = 4; lastKnownFileType = sourcecode.c.h; path = MDSingleNoteViewController.h; sourceTree = "<group>"; };
		05EEC1821B57194600035243 /* MDSingleNoteViewController.m */ = {isa = PBXFileReference; fileEncoding = 4; lastKnownFileType = sourcecode.c.objc; path = MDSingleNoteViewController.m; sourceTree = "<group>"; };
/* End PBXFileReference section */

/* Begin PBXFrameworksBuildPhase section */
		056734981B61D7CD0046D093 /* Frameworks */ = {
			isa = PBXFrameworksBuildPhase;
			buildActionMask = 2147483647;
			files = (
			);
			runOnlyForDeploymentPostprocessing = 0;
		};
		05EEC10E1B55F5EA00035243 /* Frameworks */ = {
			isa = PBXFrameworksBuildPhase;
			buildActionMask = 2147483647;
			files = (
				059BACA81B74F97E006B0166 /* CloudKit.framework in Frameworks */,
			);
			runOnlyForDeploymentPostprocessing = 0;
		};
		05EEC12A1B55F5EA00035243 /* Frameworks */ = {
			isa = PBXFrameworksBuildPhase;
			buildActionMask = 2147483647;
			files = (
			);
			runOnlyForDeploymentPostprocessing = 0;
		};
/* End PBXFrameworksBuildPhase section */

/* Begin PBXGroup section */
		0567349C1B61D7CD0046D093 /* MDShare */ = {
			isa = PBXGroup;
			children = (
				056734B51B61EEFD0046D093 /* MDShare.entitlements */,
				0567349F1B61D7CD0046D093 /* ShareViewController.h */,
				056734A01B61D7CD0046D093 /* ShareViewController.m */,
				056734A21B61D7CD0046D093 /* MainInterface.storyboard */,
				0567349D1B61D7CD0046D093 /* Supporting Files */,
			);
			path = MDShare;
			sourceTree = "<group>";
		};
		0567349D1B61D7CD0046D093 /* Supporting Files */ = {
			isa = PBXGroup;
			children = (
				0567349E1B61D7CD0046D093 /* Info.plist */,
			);
			name = "Supporting Files";
			sourceTree = "<group>";
		};
		05EEC1081B55F5EA00035243 = {
			isa = PBXGroup;
			children = (
				059BACA71B74F97E006B0166 /* CloudKit.framework */,
				056734AF1B61E4700046D093 /* MDDataManager.h */,
				056734B01B61E4700046D093 /* MDDataManager.m */,
				05EEC1131B55F5EA00035243 /* md */,
				05EEC1301B55F5EA00035243 /* mdTests */,
				0567349C1B61D7CD0046D093 /* MDShare */,
				05EEC1121B55F5EA00035243 /* Products */,
			);
			sourceTree = "<group>";
		};
		05EEC1121B55F5EA00035243 /* Products */ = {
			isa = PBXGroup;
			children = (
				05EEC1111B55F5EA00035243 /* md.app */,
				05EEC12D1B55F5EA00035243 /* mdTests.xctest */,
				0567349B1B61D7CD0046D093 /* MDShare.appex */,
			);
			name = Products;
			sourceTree = "<group>";
		};
		05EEC1131B55F5EA00035243 /* md */ = {
			isa = PBXGroup;
			children = (
				056734AB1B61E2AA0046D093 /* md.entitlements */,
				05EEC1811B57194600035243 /* MDSingleNoteViewController.h */,
				05EEC1821B57194600035243 /* MDSingleNoteViewController.m */,
				05EEC1431B5619E600035243 /* MDNoteCollectionViewCell.h */,
				05EEC1441B5619E600035243 /* MDNoteCollectionViewCell.m */,
				05EEC1181B55F5EA00035243 /* AppDelegate.h */,
				05EEC1191B55F5EA00035243 /* AppDelegate.m */,
				05EEC1211B55F5EA00035243 /* Main.storyboard */,
				05EEC13D1B55F6F300035243 /* MDNotesCollectionView.h */,
				05EEC13E1B55F6F300035243 /* MDNotesCollectionView.m */,
				05EEC1241B55F5EA00035243 /* Images.xcassets */,
				05EEC1261B55F5EA00035243 /* LaunchScreen.xib */,
				05EEC11B1B55F5EA00035243 /* md.xcdatamodeld */,
				05EEC1141B55F5EA00035243 /* Supporting Files */,
			);
			path = md;
			sourceTree = "<group>";
		};
		05EEC1141B55F5EA00035243 /* Supporting Files */ = {
			isa = PBXGroup;
			children = (
				05EEC1151B55F5EA00035243 /* Info.plist */,
				05EEC1161B55F5EA00035243 /* main.m */,
			);
			name = "Supporting Files";
			sourceTree = "<group>";
		};
		05EEC1301B55F5EA00035243 /* mdTests */ = {
			isa = PBXGroup;
			children = (
				05EEC1331B55F5EA00035243 /* mdTests.m */,
				05EEC1311B55F5EA00035243 /* Supporting Files */,
			);
			path = mdTests;
			sourceTree = "<group>";
		};
		05EEC1311B55F5EA00035243 /* Supporting Files */ = {
			isa = PBXGroup;
			children = (
				05EEC1321B55F5EA00035243 /* Info.plist */,
			);
			name = "Supporting Files";
			sourceTree = "<group>";
		};
/* End PBXGroup section */

/* Begin PBXNativeTarget section */
		0567349A1B61D7CD0046D093 /* MDShare */ = {
			isa = PBXNativeTarget;
			buildConfigurationList = 056734A91B61D7CD0046D093 /* Build configuration list for PBXNativeTarget "MDShare" */;
			buildPhases = (
				056734971B61D7CD0046D093 /* Sources */,
				056734981B61D7CD0046D093 /* Frameworks */,
				056734991B61D7CD0046D093 /* Resources */,
			);
			buildRules = (
			);
			dependencies = (
			);
			name = MDShare;
			productName = MDShare;
			productReference = 0567349B1B61D7CD0046D093 /* MDShare.appex */;
			productType = "com.apple.product-type.app-extension";
		};
		05EEC1101B55F5EA00035243 /* md */ = {
			isa = PBXNativeTarget;
			buildConfigurationList = 05EEC1371B55F5EA00035243 /* Build configuration list for PBXNativeTarget "md" */;
			buildPhases = (
				05EEC10D1B55F5EA00035243 /* Sources */,
				05EEC10E1B55F5EA00035243 /* Frameworks */,
				05EEC10F1B55F5EA00035243 /* Resources */,
				056734AA1B61D7CD0046D093 /* Embed App Extensions */,
			);
			buildRules = (
			);
			dependencies = (
				056734A51B61D7CD0046D093 /* PBXTargetDependency */,
			);
			name = md;
			productName = md;
			productReference = 05EEC1111B55F5EA00035243 /* md.app */;
			productType = "com.apple.product-type.application";
		};
		05EEC12C1B55F5EA00035243 /* mdTests */ = {
			isa = PBXNativeTarget;
			buildConfigurationList = 05EEC13A1B55F5EA00035243 /* Build configuration list for PBXNativeTarget "mdTests" */;
			buildPhases = (
				05EEC1291B55F5EA00035243 /* Sources */,
				05EEC12A1B55F5EA00035243 /* Frameworks */,
				05EEC12B1B55F5EA00035243 /* Resources */,
			);
			buildRules = (
			);
			dependencies = (
				05EEC12F1B55F5EA00035243 /* PBXTargetDependency */,
			);
			name = mdTests;
			productName = mdTests;
			productReference = 05EEC12D1B55F5EA00035243 /* mdTests.xctest */;
			productType = "com.apple.product-type.bundle.unit-test";
		};
/* End PBXNativeTarget section */

/* Begin PBXProject section */
		05EEC1091B55F5EA00035243 /* Project object */ = {
			isa = PBXProject;
			attributes = {
				LastUpgradeCheck = 0630;
				ORGANIZATIONNAME = "Levi Kennedy";
				TargetAttributes = {
					0567349A1B61D7CD0046D093 = {
						CreatedOnToolsVersion = 6.4;
						DevelopmentTeam = W9NE94TF4H;
						SystemCapabilities = {
							com.apple.ApplicationGroups.iOS = {
								enabled = 1;
							};
						};
					};
					05EEC1101B55F5EA00035243 = {
						CreatedOnToolsVersion = 6.3.1;
						DevelopmentTeam = W9NE94TF4H;
						SystemCapabilities = {
							com.apple.ApplicationGroups.iOS = {
								enabled = 1;
							};
							com.apple.iCloud = {
								enabled = 1;
							};
						};
					};
					05EEC12C1B55F5EA00035243 = {
						CreatedOnToolsVersion = 6.3.1;
						TestTargetID = 05EEC1101B55F5EA00035243;
					};
				};
			};
			buildConfigurationList = 05EEC10C1B55F5EA00035243 /* Build configuration list for PBXProject "md" */;
			compatibilityVersion = "Xcode 3.2";
			developmentRegion = English;
			hasScannedForEncodings = 0;
			knownRegions = (
				en,
				Base,
			);
			mainGroup = 05EEC1081B55F5EA00035243;
			productRefGroup = 05EEC1121B55F5EA00035243 /* Products */;
			projectDirPath = "";
			projectRoot = "";
			targets = (
				05EEC1101B55F5EA00035243 /* md */,
				05EEC12C1B55F5EA00035243 /* mdTests */,
				0567349A1B61D7CD0046D093 /* MDShare */,
			);
		};
/* End PBXProject section */

/* Begin PBXResourcesBuildPhase section */
		056734991B61D7CD0046D093 /* Resources */ = {
			isa = PBXResourcesBuildPhase;
			buildActionMask = 2147483647;
			files = (
				056734A31B61D7CD0046D093 /* MainInterface.storyboard in Resources */,
			);
			runOnlyForDeploymentPostprocessing = 0;
		};
		05EEC10F1B55F5EA00035243 /* Resources */ = {
			isa = PBXResourcesBuildPhase;
			buildActionMask = 2147483647;
			files = (
				05EEC1231B55F5EA00035243 /* Main.storyboard in Resources */,
				05EEC1281B55F5EA00035243 /* LaunchScreen.xib in Resources */,
				05EEC1251B55F5EA00035243 /* Images.xcassets in Resources */,
			);
			runOnlyForDeploymentPostprocessing = 0;
		};
		05EEC12B1B55F5EA00035243 /* Resources */ = {
			isa = PBXResourcesBuildPhase;
			buildActionMask = 2147483647;
			files = (
			);
			runOnlyForDeploymentPostprocessing = 0;
		};
/* End PBXResourcesBuildPhase section */

/* Begin PBXSourcesBuildPhase section */
		056734971B61D7CD0046D093 /* Sources */ = {
			isa = PBXSourcesBuildPhase;
			buildActionMask = 2147483647;
			files = (
				056734B41B61EE110046D093 /* md.xcdatamodeld in Sources */,
				056734B21B61E4700046D093 /* MDDataManager.m in Sources */,
				056734A11B61D7CD0046D093 /* ShareViewController.m in Sources */,
			);
			runOnlyForDeploymentPostprocessing = 0;
		};
		05EEC10D1B55F5EA00035243 /* Sources */ = {
			isa = PBXSourcesBuildPhase;
			buildActionMask = 2147483647;
			files = (
				05EEC1451B5619E600035243 /* MDNoteCollectionViewCell.m in Sources */,
				05EEC11A1B55F5EA00035243 /* AppDelegate.m in Sources */,
				05EEC11D1B55F5EA00035243 /* md.xcdatamodeld in Sources */,
				056734B11B61E4700046D093 /* MDDataManager.m in Sources */,
				05EEC1171B55F5EA00035243 /* main.m in Sources */,
				05EEC13F1B55F6F300035243 /* MDNotesCollectionView.m in Sources */,
				05EEC1831B57194600035243 /* MDSingleNoteViewController.m in Sources */,
			);
			runOnlyForDeploymentPostprocessing = 0;
		};
		05EEC1291B55F5EA00035243 /* Sources */ = {
			isa = PBXSourcesBuildPhase;
			buildActionMask = 2147483647;
			files = (
				05EEC1341B55F5EA00035243 /* mdTests.m in Sources */,
			);
			runOnlyForDeploymentPostprocessing = 0;
		};
/* End PBXSourcesBuildPhase section */

/* Begin PBXTargetDependency section */
		056734A51B61D7CD0046D093 /* PBXTargetDependency */ = {
			isa = PBXTargetDependency;
			target = 0567349A1B61D7CD0046D093 /* MDShare */;
			targetProxy = 056734A41B61D7CD0046D093 /* PBXContainerItemProxy */;
		};
		05EEC12F1B55F5EA00035243 /* PBXTargetDependency */ = {
			isa = PBXTargetDependency;
			target = 05EEC1101B55F5EA00035243 /* md */;
			targetProxy = 05EEC12E1B55F5EA00035243 /* PBXContainerItemProxy */;
		};
/* End PBXTargetDependency section */

/* Begin PBXVariantGroup section */
		05EEC1211B55F5EA00035243 /* Main.storyboard */ = {
			isa = PBXVariantGroup;
			children = (
				05EEC1221B55F5EA00035243 /* Base */,
			);
			name = Main.storyboard;
			sourceTree = "<group>";
		};
		05EEC1261B55F5EA00035243 /* LaunchScreen.xib */ = {
			isa = PBXVariantGroup;
			children = (
				05EEC1271B55F5EA00035243 /* Base */,
			);
			name = LaunchScreen.xib;
			sourceTree = "<group>";
		};
/* End PBXVariantGroup section */

/* Begin XCBuildConfiguration section */
		056734A71B61D7CD0046D093 /* Debug */ = {
			isa = XCBuildConfiguration;
			buildSettings = {
				CODE_SIGN_ENTITLEMENTS = MDShare/MDShare.entitlements;
				CODE_SIGN_IDENTITY = "iPhone Developer";
				"CODE_SIGN_IDENTITY[sdk=iphoneos*]" = "iPhone Developer";
				GCC_PREPROCESSOR_DEFINITIONS = (
					"DEBUG=1",
					"$(inherited)",
				);
				INFOPLIST_FILE = MDShare/Info.plist;
				IPHONEOS_DEPLOYMENT_TARGET = 8.4;
				LD_RUNPATH_SEARCH_PATHS = "$(inherited) @executable_path/Frameworks @executable_path/../../Frameworks";
				PRODUCT_NAME = "$(TARGET_NAME)";
				PROVISIONING_PROFILE = "";
				SKIP_INSTALL = YES;
			};
			name = Debug;
		};
		056734A81B61D7CD0046D093 /* Release */ = {
			isa = XCBuildConfiguration;
			buildSettings = {
				CODE_SIGN_ENTITLEMENTS = MDShare/MDShare.entitlements;
				CODE_SIGN_IDENTITY = "iPhone Developer";
				"CODE_SIGN_IDENTITY[sdk=iphoneos*]" = "iPhone Developer";
				INFOPLIST_FILE = MDShare/Info.plist;
				IPHONEOS_DEPLOYMENT_TARGET = 8.4;
				LD_RUNPATH_SEARCH_PATHS = "$(inherited) @executable_path/Frameworks @executable_path/../../Frameworks";
				PRODUCT_NAME = "$(TARGET_NAME)";
				PROVISIONING_PROFILE = "";
				SKIP_INSTALL = YES;
			};
			name = Release;
		};
		05EEC1351B55F5EA00035243 /* Debug */ = {
			isa = XCBuildConfiguration;
			buildSettings = {
				ALWAYS_SEARCH_USER_PATHS = NO;
				CLANG_CXX_LANGUAGE_STANDARD = "gnu++0x";
				CLANG_CXX_LIBRARY = "libc++";
				CLANG_ENABLE_MODULES = YES;
				CLANG_ENABLE_OBJC_ARC = YES;
				CLANG_WARN_BOOL_CONVERSION = YES;
				CLANG_WARN_CONSTANT_CONVERSION = YES;
				CLANG_WARN_DIRECT_OBJC_ISA_USAGE = YES_ERROR;
				CLANG_WARN_EMPTY_BODY = YES;
				CLANG_WARN_ENUM_CONVERSION = YES;
				CLANG_WARN_INT_CONVERSION = YES;
				CLANG_WARN_OBJC_ROOT_CLASS = YES_ERROR;
				CLANG_WARN_UNREACHABLE_CODE = YES;
				CLANG_WARN__DUPLICATE_METHOD_MATCH = YES;
				"CODE_SIGN_IDENTITY[sdk=iphoneos*]" = "iPhone Developer";
				COPY_PHASE_STRIP = NO;
				DEBUG_INFORMATION_FORMAT = "dwarf-with-dsym";
				ENABLE_STRICT_OBJC_MSGSEND = YES;
				GCC_C_LANGUAGE_STANDARD = gnu99;
				GCC_DYNAMIC_NO_PIC = NO;
				GCC_NO_COMMON_BLOCKS = YES;
				GCC_OPTIMIZATION_LEVEL = 0;
				GCC_PREPROCESSOR_DEFINITIONS = (
					"DEBUG=1",
					"$(inherited)",
				);
				GCC_SYMBOLS_PRIVATE_EXTERN = NO;
				GCC_WARN_64_TO_32_BIT_CONVERSION = YES;
				GCC_WARN_ABOUT_RETURN_TYPE = YES_ERROR;
				GCC_WARN_UNDECLARED_SELECTOR = YES;
				GCC_WARN_UNINITIALIZED_AUTOS = YES_AGGRESSIVE;
				GCC_WARN_UNUSED_FUNCTION = YES;
				GCC_WARN_UNUSED_VARIABLE = YES;
				IPHONEOS_DEPLOYMENT_TARGET = 8.3;
				MTL_ENABLE_DEBUG_INFO = YES;
				ONLY_ACTIVE_ARCH = YES;
				SDKROOT = iphoneos;
				TARGETED_DEVICE_FAMILY = "1,2";
			};
			name = Debug;
		};
		05EEC1361B55F5EA00035243 /* Release */ = {
			isa = XCBuildConfiguration;
			buildSettings = {
				ALWAYS_SEARCH_USER_PATHS = NO;
				CLANG_CXX_LANGUAGE_STANDARD = "gnu++0x";
				CLANG_CXX_LIBRARY = "libc++";
				CLANG_ENABLE_MODULES = YES;
				CLANG_ENABLE_OBJC_ARC = YES;
				CLANG_WARN_BOOL_CONVERSION = YES;
				CLANG_WARN_CONSTANT_CONVERSION = YES;
				CLANG_WARN_DIRECT_OBJC_ISA_USAGE = YES_ERROR;
				CLANG_WARN_EMPTY_BODY = YES;
				CLANG_WARN_ENUM_CONVERSION = YES;
				CLANG_WARN_INT_CONVERSION = YES;
				CLANG_WARN_OBJC_ROOT_CLASS = YES_ERROR;
				CLANG_WARN_UNREACHABLE_CODE = YES;
				CLANG_WARN__DUPLICATE_METHOD_MATCH = YES;
				"CODE_SIGN_IDENTITY[sdk=iphoneos*]" = "iPhone Developer";
				COPY_PHASE_STRIP = NO;
				DEBUG_INFORMATION_FORMAT = "dwarf-with-dsym";
				ENABLE_NS_ASSERTIONS = NO;
				ENABLE_STRICT_OBJC_MSGSEND = YES;
				GCC_C_LANGUAGE_STANDARD = gnu99;
				GCC_NO_COMMON_BLOCKS = YES;
				GCC_WARN_64_TO_32_BIT_CONVERSION = YES;
				GCC_WARN_ABOUT_RETURN_TYPE = YES_ERROR;
				GCC_WARN_UNDECLARED_SELECTOR = YES;
				GCC_WARN_UNINITIALIZED_AUTOS = YES_AGGRESSIVE;
				GCC_WARN_UNUSED_FUNCTION = YES;
				GCC_WARN_UNUSED_VARIABLE = YES;
				IPHONEOS_DEPLOYMENT_TARGET = 8.3;
				MTL_ENABLE_DEBUG_INFO = NO;
				SDKROOT = iphoneos;
				TARGETED_DEVICE_FAMILY = "1,2";
				VALIDATE_PRODUCT = YES;
			};
			name = Release;
		};
		05EEC1381B55F5EA00035243 /* Debug */ = {
			isa = XCBuildConfiguration;
			buildSettings = {
				ASSETCATALOG_COMPILER_APPICON_NAME = AppIcon;
				CODE_SIGN_ENTITLEMENTS = md/md.entitlements;
				CODE_SIGN_IDENTITY = "iPhone Developer";
				"CODE_SIGN_IDENTITY[sdk=iphoneos*]" = "iPhone Developer";
				INFOPLIST_FILE = md/Info.plist;
				LD_RUNPATH_SEARCH_PATHS = "$(inherited) @executable_path/Frameworks";
				PRODUCT_NAME = "$(TARGET_NAME)";
				PROVISIONING_PROFILE = "";
			};
			name = Debug;
		};
		05EEC1391B55F5EA00035243 /* Release */ = {
			isa = XCBuildConfiguration;
			buildSettings = {
				ASSETCATALOG_COMPILER_APPICON_NAME = AppIcon;
				CODE_SIGN_ENTITLEMENTS = md/md.entitlements;
				CODE_SIGN_IDENTITY = "iPhone Developer";
				"CODE_SIGN_IDENTITY[sdk=iphoneos*]" = "iPhone Developer";
				INFOPLIST_FILE = md/Info.plist;
				LD_RUNPATH_SEARCH_PATHS = "$(inherited) @executable_path/Frameworks";
				PRODUCT_NAME = "$(TARGET_NAME)";
				PROVISIONING_PROFILE = "";
			};
			name = Release;
		};
		05EEC13B1B55F5EA00035243 /* Debug */ = {
			isa = XCBuildConfiguration;
			buildSettings = {
				BUNDLE_LOADER = "$(TEST_HOST)";
				FRAMEWORK_SEARCH_PATHS = (
					"$(SDKROOT)/Developer/Library/Frameworks",
					"$(inherited)",
				);
				GCC_PREPROCESSOR_DEFINITIONS = (
					"DEBUG=1",
					"$(inherited)",
				);
				INFOPLIST_FILE = mdTests/Info.plist;
				LD_RUNPATH_SEARCH_PATHS = "$(inherited) @executable_path/Frameworks @loader_path/Frameworks";
				PRODUCT_NAME = "$(TARGET_NAME)";
				TEST_HOST = "$(BUILT_PRODUCTS_DIR)/md.app/md";
			};
			name = Debug;
		};
		05EEC13C1B55F5EA00035243 /* Release */ = {
			isa = XCBuildConfiguration;
			buildSettings = {
				BUNDLE_LOADER = "$(TEST_HOST)";
				FRAMEWORK_SEARCH_PATHS = (
					"$(SDKROOT)/Developer/Library/Frameworks",
					"$(inherited)",
				);
				INFOPLIST_FILE = mdTests/Info.plist;
				LD_RUNPATH_SEARCH_PATHS = "$(inherited) @executable_path/Frameworks @loader_path/Frameworks";
				PRODUCT_NAME = "$(TARGET_NAME)";
				TEST_HOST = "$(BUILT_PRODUCTS_DIR)/md.app/md";
			};
			name = Release;
		};
/* End XCBuildConfiguration section */

/* Begin XCConfigurationList section */
		056734A91B61D7CD0046D093 /* Build configuration list for PBXNativeTarget "MDShare" */ = {
			isa = XCConfigurationList;
			buildConfigurations = (
				056734A71B61D7CD0046D093 /* Debug */,
				056734A81B61D7CD0046D093 /* Release */,
			);
			defaultConfigurationIsVisible = 0;
			defaultConfigurationName = Release;
		};
		05EEC10C1B55F5EA00035243 /* Build configuration list for PBXProject "md" */ = {
			isa = XCConfigurationList;
			buildConfigurations = (
				05EEC1351B55F5EA00035243 /* Debug */,
				05EEC1361B55F5EA00035243 /* Release */,
			);
			defaultConfigurationIsVisible = 0;
			defaultConfigurationName = Release;
		};
		05EEC1371B55F5EA00035243 /* Build configuration list for PBXNativeTarget "md" */ = {
			isa = XCConfigurationList;
			buildConfigurations = (
				05EEC1381B55F5EA00035243 /* Debug */,
				05EEC1391B55F5EA00035243 /* Release */,
			);
			defaultConfigurationIsVisible = 0;
			defaultConfigurationName = Release;
		};
		05EEC13A1B55F5EA00035243 /* Build configuration list for PBXNativeTarget "mdTests" */ = {
			isa = XCConfigurationList;
			buildConfigurations = (
				05EEC13B1B55F5EA00035243 /* Debug */,
				05EEC13C1B55F5EA00035243 /* Release */,
			);
			defaultConfigurationIsVisible = 0;
			defaultConfigurationName = Release;
		};
/* End XCConfigurationList section */

/* Begin XCVersionGroup section */
		05EEC11B1B55F5EA00035243 /* md.xcdatamodeld */ = {
			isa = XCVersionGroup;
			children = (
				05EEC11C1B55F5EA00035243 /* md.xcdatamodel */,
			);
			currentVersion = 05EEC11C1B55F5EA00035243 /* md.xcdatamodel */;
			path = md.xcdatamodeld;
			sourceTree = "<group>";
			versionGroupType = wrapper.xcdatamodel;
		};
/* End XCVersionGroup section */
	};
	rootObject = 05EEC1091B55F5EA00035243 /* Project object */;
}
